
Microsoft Visual Studio Solution File, Format Version 12.00
# Visual Studio Version 16
VisualStudioVersion = 16.0.31005.135
MinimumVisualStudioVersion = 10.0.40219.1
Project("{FAE04EC0-301F-11D3-BF4B-00C04F79EFBC}") = "HW04.Task1", "HW04.Task1\HW04.Task1.csproj", "{8AD957C1-B2C6-4BA9-9ABF-05F4B8F6D22B}"
EndProject
Project("{FAE04EC0-301F-11D3-BF4B-00C04F79EFBC}") = "HW04.Task2", "HW04.Task2\HW04.Task2.csproj", "{167DC6D3-28D8-448F-88D7-A44427742A91}"
EndProject
Project("{FAE04EC0-301F-11D3-BF4B-00C04F79EFBC}") = "HW04.Task3", "HW04.Task3\HW04.Task3.csproj", "{41D9F764-D969-439F-BC0E-55D56756CD29}"
EndProject
Project("{FAE04EC0-301F-11D3-BF4B-00C04F79EFBC}") = "HW04.Task4", "HW04.Task4\HW04.Task4.csproj", "{54BE52E2-0A02-4F89-88D9-3091BA17D190}"
EndProject
Project("{FAE04EC0-301F-11D3-BF4B-00C04F79EFBC}") = "HW04.Task5", "HW04.Task5\HW04.Task5.csproj", "{606FC0FC-2C9C-42EC-96D7-B8FE1F5228D2}"
EndProject
Project("{FAE04EC0-301F-11D3-BF4B-00C04F79EFBC}") = "HW04.Task6", "HW04.Task6\HW04.Task6.csproj", "{67A4917B-49E2-47D2-AD4A-79D34CDA3DB0}"
EndProject
Global
	GlobalSection(SolutionConfigurationPlatforms) = preSolution
		Debug|Any CPU = Debug|Any CPU
		Release|Any CPU = Release|Any CPU
	EndGlobalSection
	GlobalSection(ProjectConfigurationPlatforms) = postSolution
		{8AD957C1-B2C6-4BA9-9ABF-05F4B8F6D22B}.Debug|Any CPU.ActiveCfg = Debug|Any CPU
		{8AD957C1-B2C6-4BA9-9ABF-05F4B8F6D22B}.Debug|Any CPU.Build.0 = Debug|Any CPU
		{8AD957C1-B2C6-4BA9-9ABF-05F4B8F6D22B}.Release|Any CPU.ActiveCfg = Release|Any CPU
		{8AD957C1-B2C6-4BA9-9ABF-05F4B8F6D22B}.Release|Any CPU.Build.0 = Release|Any CPU
		{167DC6D3-28D8-448F-88D7-A44427742A91}.Debug|Any CPU.ActiveCfg = Debug|Any CPU
		{167DC6D3-28D8-448F-88D7-A44427742A91}.Debug|Any CPU.Build.0 = Debug|Any CPU
		{167DC6D3-28D8-448F-88D7-A44427742A91}.Release|Any CPU.ActiveCfg = Release|Any CPU
		{167DC6D3-28D8-448F-88D7-A44427742A91}.Release|Any CPU.Build.0 = Release|Any CPU
		{41D9F764-D969-439F-BC0E-55D56756CD29}.Debug|Any CPU.ActiveCfg = Debug|Any CPU
		{41D9F764-D969-439F-BC0E-55D56756CD29}.Debug|Any CPU.Build.0 = Debug|Any CPU
		{41D9F764-D969-439F-BC0E-55D56756CD29}.Release|Any CPU.ActiveCfg = Release|Any CPU
		{41D9F764-D969-439F-BC0E-55D56756CD29}.Release|Any CPU.Build.0 = Release|Any CPU
		{54BE52E2-0A02-4F89-88D9-3091BA17D190}.Debug|Any CPU.ActiveCfg = Debug|Any CPU
		{54BE52E2-0A02-4F89-88D9-3091BA17D190}.Debug|Any CPU.Build.0 = Debug|Any CPU
		{54BE52E2-0A02-4F89-88D9-3091BA17D190}.Release|Any CPU.ActiveCfg = Release|Any CPU
		{54BE52E2-0A02-4F89-88D9-3091BA17D190}.Release|Any CPU.Build.0 = Release|Any CPU
		{606FC0FC-2C9C-42EC-96D7-B8FE1F5228D2}.Debug|Any CPU.ActiveCfg = Debug|Any CPU
		{606FC0FC-2C9C-42EC-96D7-B8FE1F5228D2}.Debug|Any CPU.Build.0 = Debug|Any CPU
		{606FC0FC-2C9C-42EC-96D7-B8FE1F5228D2}.Release|Any CPU.ActiveCfg = Release|Any CPU
		{606FC0FC-2C9C-42EC-96D7-B8FE1F5228D2}.Release|Any CPU.Build.0 = Release|Any CPU
		{67A4917B-49E2-47D2-AD4A-79D34CDA3DB0}.Debug|Any CPU.ActiveCfg = Debug|Any CPU
		{67A4917B-49E2-47D2-AD4A-79D34CDA3DB0}.Debug|Any CPU.Build.0 = Debug|Any CPU
		{67A4917B-49E2-47D2-AD4A-79D34CDA3DB0}.Release|Any CPU.ActiveCfg = Release|Any CPU
		{67A4917B-49E2-47D2-AD4A-79D34CDA3DB0}.Release|Any CPU.Build.0 = Release|Any CPU
	EndGlobalSection
	GlobalSection(SolutionProperties) = preSolution
		HideSolutionNode = FALSE
	EndGlobalSection
	GlobalSection(ExtensibilityGlobals) = postSolution
		SolutionGuid = {48059A1D-F8DD-4603-BBFB-11E7B4CD8F3F}
	EndGlobalSection
EndGlobal
