
Microsoft Visual Studio Solution File, Format Version 12.00
# Visual Studio Version 16
VisualStudioVersion = 16.0.31005.135
MinimumVisualStudioVersion = 10.0.40219.1
Project("{FAE04EC0-301F-11D3-BF4B-00C04F79EFBC}") = "HW.05.Task1", "HW.05.Task1\HW.05.Task1.csproj", "{1478128E-4809-4A4D-9793-8C08A25E7096}"
EndProject
Project("{FAE04EC0-301F-11D3-BF4B-00C04F79EFBC}") = "HW.05.Task2", "HW.05.Task2\HW.05.Task2.csproj", "{D3633F39-49E6-48D4-B68F-42B9B5EDF7B6}"
EndProject
Project("{FAE04EC0-301F-11D3-BF4B-00C04F79EFBC}") = "HW.05.Task3", "HW.05.Task3\HW.05.Task3.csproj", "{600062EC-E505-41DF-B641-6BD47C3BA239}"
EndProject
Project("{FAE04EC0-301F-11D3-BF4B-00C04F79EFBC}") = "HW.05.Task4", "HW.05.Task4\HW.05.Task4.csproj", "{9B04BAEB-DDD0-4AFC-B316-9C6F322035D9}"
EndProject
Global
	GlobalSection(SolutionConfigurationPlatforms) = preSolution
		Debug|Any CPU = Debug|Any CPU
		Release|Any CPU = Release|Any CPU
	EndGlobalSection
	GlobalSection(ProjectConfigurationPlatforms) = postSolution
		{1478128E-4809-4A4D-9793-8C08A25E7096}.Debug|Any CPU.ActiveCfg = Debug|Any CPU
		{1478128E-4809-4A4D-9793-8C08A25E7096}.Debug|Any CPU.Build.0 = Debug|Any CPU
		{1478128E-4809-4A4D-9793-8C08A25E7096}.Release|Any CPU.ActiveCfg = Release|Any CPU
		{1478128E-4809-4A4D-9793-8C08A25E7096}.Release|Any CPU.Build.0 = Release|Any CPU
		{D3633F39-49E6-48D4-B68F-42B9B5EDF7B6}.Debug|Any CPU.ActiveCfg = Debug|Any CPU
		{D3633F39-49E6-48D4-B68F-42B9B5EDF7B6}.Debug|Any CPU.Build.0 = Debug|Any CPU
		{D3633F39-49E6-48D4-B68F-42B9B5EDF7B6}.Release|Any CPU.ActiveCfg = Release|Any CPU
		{D3633F39-49E6-48D4-B68F-42B9B5EDF7B6}.Release|Any CPU.Build.0 = Release|Any CPU
		{600062EC-E505-41DF-B641-6BD47C3BA239}.Debug|Any CPU.ActiveCfg = Debug|Any CPU
		{600062EC-E505-41DF-B641-6BD47C3BA239}.Debug|Any CPU.Build.0 = Debug|Any CPU
		{600062EC-E505-41DF-B641-6BD47C3BA239}.Release|Any CPU.ActiveCfg = Release|Any CPU
		{600062EC-E505-41DF-B641-6BD47C3BA239}.Release|Any CPU.Build.0 = Release|Any CPU
		{9B04BAEB-DDD0-4AFC-B316-9C6F322035D9}.Debug|Any CPU.ActiveCfg = Debug|Any CPU
		{9B04BAEB-DDD0-4AFC-B316-9C6F322035D9}.Debug|Any CPU.Build.0 = Debug|Any CPU
		{9B04BAEB-DDD0-4AFC-B316-9C6F322035D9}.Release|Any CPU.ActiveCfg = Release|Any CPU
		{9B04BAEB-DDD0-4AFC-B316-9C6F322035D9}.Release|Any CPU.Build.0 = Release|Any CPU
	EndGlobalSection
	GlobalSection(SolutionProperties) = preSolution
		HideSolutionNode = FALSE
	EndGlobalSection
	GlobalSection(ExtensibilityGlobals) = postSolution
		SolutionGuid = {48059A1D-F8DD-4603-BBFB-11E7B4CD8F3F}
	EndGlobalSection
EndGlobal
