
Microsoft Visual Studio Solution File, Format Version 12.00
# Visual Studio Version 16
VisualStudioVersion = 16.0.31005.135
MinimumVisualStudioVersion = 10.0.40219.1
Project("{9A19103F-16F7-4668-BE54-9A1E7A4F7556}") = "HW07.Task1", "HW07.Task1\HW07.Task1.csproj", "{033E065F-F722-46B8-B431-BAAEBD7AF289}"
EndProject
Project("{9A19103F-16F7-4668-BE54-9A1E7A4F7556}") = "HW07.Task2", "HW07.Task2\HW07.Task2.csproj", "{1DB5F3CF-4D65-4701-825C-893B7DDEC015}"
EndProject
Project("{FAE04EC0-301F-11D3-BF4B-00C04F79EFBC}") = "HW07.Task3", "HW07.Task3\HW07.Task3.csproj", "{84CB0A7D-1219-4E66-ABCE-F356C445F17C}"
EndProject
Global
	GlobalSection(SolutionConfigurationPlatforms) = preSolution
		Debug|Any CPU = Debug|Any CPU
		Release|Any CPU = Release|Any CPU
	EndGlobalSection
	GlobalSection(ProjectConfigurationPlatforms) = postSolution
		{033E065F-F722-46B8-B431-BAAEBD7AF289}.Debug|Any CPU.ActiveCfg = Debug|Any CPU
		{033E065F-F722-46B8-B431-BAAEBD7AF289}.Debug|Any CPU.Build.0 = Debug|Any CPU
		{033E065F-F722-46B8-B431-BAAEBD7AF289}.Release|Any CPU.ActiveCfg = Release|Any CPU
		{033E065F-F722-46B8-B431-BAAEBD7AF289}.Release|Any CPU.Build.0 = Release|Any CPU
		{1DB5F3CF-4D65-4701-825C-893B7DDEC015}.Debug|Any CPU.ActiveCfg = Debug|Any CPU
		{1DB5F3CF-4D65-4701-825C-893B7DDEC015}.Debug|Any CPU.Build.0 = Debug|Any CPU
		{1DB5F3CF-4D65-4701-825C-893B7DDEC015}.Release|Any CPU.ActiveCfg = Release|Any CPU
		{1DB5F3CF-4D65-4701-825C-893B7DDEC015}.Release|Any CPU.Build.0 = Release|Any CPU
		{84CB0A7D-1219-4E66-ABCE-F356C445F17C}.Debug|Any CPU.ActiveCfg = Debug|Any CPU
		{84CB0A7D-1219-4E66-ABCE-F356C445F17C}.Debug|Any CPU.Build.0 = Debug|Any CPU
		{84CB0A7D-1219-4E66-ABCE-F356C445F17C}.Release|Any CPU.ActiveCfg = Release|Any CPU
		{84CB0A7D-1219-4E66-ABCE-F356C445F17C}.Release|Any CPU.Build.0 = Release|Any CPU
	EndGlobalSection
	GlobalSection(SolutionProperties) = preSolution
		HideSolutionNode = FALSE
	EndGlobalSection
	GlobalSection(ExtensibilityGlobals) = postSolution
		SolutionGuid = {48059A1D-F8DD-4603-BBFB-11E7B4CD8F3F}
	EndGlobalSection
EndGlobal
